
Microsoft Visual Studio Solution File, Format Version 12.00
# Visual Studio 15
VisualStudioVersion = 15.0.28010.2036
MinimumVisualStudioVersion = 10.0.40219.1
Project("{FAE04EC0-301F-11D3-BF4B-00C04F79EFBC}") = "ctest", "ctest\ctest.csproj", "{D80C550E-85B6-4AFF-8D3F-AEDFC4AB6D92}"
EndProject
Global
	GlobalSection(SolutionConfigurationPlatforms) = preSolution
		Debug|Any CPU = Debug|Any CPU
		Release|Any CPU = Release|Any CPU
	EndGlobalSection
	GlobalSection(ProjectConfigurationPlatforms) = postSolution
		{D80C550E-85B6-4AFF-8D3F-AEDFC4AB6D92}.Debug|Any CPU.ActiveCfg = Debug|Any CPU
		{D80C550E-85B6-4AFF-8D3F-AEDFC4AB6D92}.Debug|Any CPU.Build.0 = Debug|Any CPU
		{D80C550E-85B6-4AFF-8D3F-AEDFC4AB6D92}.Release|Any CPU.ActiveCfg = Release|Any CPU
		{D80C550E-85B6-4AFF-8D3F-AEDFC4AB6D92}.Release|Any CPU.Build.0 = Release|Any CPU
	EndGlobalSection
	GlobalSection(SolutionProperties) = preSolution
		HideSolutionNode = FALSE
	EndGlobalSection
	GlobalSection(ExtensibilityGlobals) = postSolution
		SolutionGuid = {46782B33-B1F6-456E-894C-1042B5B1D3C3}
	EndGlobalSection
EndGlobal
